
Microsoft Visual Studio Solution File, Format Version 12.00
# Visual Studio Version 16
VisualStudioVersion = 16.0.29209.62
MinimumVisualStudioVersion = 10.0.40219.1
Project("{FAE04EC0-301F-11D3-BF4B-00C04F79EFBC}") = "Decision001", "Decision001\Decision001.csproj", "{B9D5EE8C-849F-4054-A8B7-0E4EEF279772}"
EndProject
Project("{FAE04EC0-301F-11D3-BF4B-00C04F79EFBC}") = "evenodd", "evenodd\evenodd.csproj", "{21108A2A-ED55-4912-9232-FE8BDF938D55}"
EndProject
Project("{FAE04EC0-301F-11D3-BF4B-00C04F79EFBC}") = "highmidlow", "highmidlow\highmidlow.csproj", "{8CD3A926-724B-4E77-8995-B73CB50FE94B}"
EndProject
Global
	GlobalSection(SolutionConfigurationPlatforms) = preSolution
		Debug|Any CPU = Debug|Any CPU
		Release|Any CPU = Release|Any CPU
	EndGlobalSection
	GlobalSection(ProjectConfigurationPlatforms) = postSolution
		{B9D5EE8C-849F-4054-A8B7-0E4EEF279772}.Debug|Any CPU.ActiveCfg = Debug|Any CPU
		{B9D5EE8C-849F-4054-A8B7-0E4EEF279772}.Debug|Any CPU.Build.0 = Debug|Any CPU
		{B9D5EE8C-849F-4054-A8B7-0E4EEF279772}.Release|Any CPU.ActiveCfg = Release|Any CPU
		{B9D5EE8C-849F-4054-A8B7-0E4EEF279772}.Release|Any CPU.Build.0 = Release|Any CPU
		{21108A2A-ED55-4912-9232-FE8BDF938D55}.Debug|Any CPU.ActiveCfg = Debug|Any CPU
		{21108A2A-ED55-4912-9232-FE8BDF938D55}.Debug|Any CPU.Build.0 = Debug|Any CPU
		{21108A2A-ED55-4912-9232-FE8BDF938D55}.Release|Any CPU.ActiveCfg = Release|Any CPU
		{21108A2A-ED55-4912-9232-FE8BDF938D55}.Release|Any CPU.Build.0 = Release|Any CPU
		{8CD3A926-724B-4E77-8995-B73CB50FE94B}.Debug|Any CPU.ActiveCfg = Debug|Any CPU
		{8CD3A926-724B-4E77-8995-B73CB50FE94B}.Debug|Any CPU.Build.0 = Debug|Any CPU
		{8CD3A926-724B-4E77-8995-B73CB50FE94B}.Release|Any CPU.ActiveCfg = Release|Any CPU
		{8CD3A926-724B-4E77-8995-B73CB50FE94B}.Release|Any CPU.Build.0 = Release|Any CPU
	EndGlobalSection
	GlobalSection(SolutionProperties) = preSolution
		HideSolutionNode = FALSE
	EndGlobalSection
	GlobalSection(ExtensibilityGlobals) = postSolution
		SolutionGuid = {C4444505-487A-4CF1-8811-4C99AB13B615}
	EndGlobalSection
EndGlobal
