
Microsoft Visual Studio Solution File, Format Version 12.00
# Visual Studio Version 16
VisualStudioVersion = 16.0.29209.62
MinimumVisualStudioVersion = 10.0.40219.1
Project("{FAE04EC0-301F-11D3-BF4B-00C04F79EFBC}") = "methodssolutions", "methodssolutions.csproj", "{BB64C72A-3221-4B6D-9E3B-C561D7F4E024}"
EndProject
Global
	GlobalSection(SolutionConfigurationPlatforms) = preSolution
		Debug|Any CPU = Debug|Any CPU
		Release|Any CPU = Release|Any CPU
	EndGlobalSection
	GlobalSection(ProjectConfigurationPlatforms) = postSolution
		{BB64C72A-3221-4B6D-9E3B-C561D7F4E024}.Debug|Any CPU.ActiveCfg = Debug|Any CPU
		{BB64C72A-3221-4B6D-9E3B-C561D7F4E024}.Debug|Any CPU.Build.0 = Debug|Any CPU
		{BB64C72A-3221-4B6D-9E3B-C561D7F4E024}.Release|Any CPU.ActiveCfg = Release|Any CPU
		{BB64C72A-3221-4B6D-9E3B-C561D7F4E024}.Release|Any CPU.Build.0 = Release|Any CPU
	EndGlobalSection
	GlobalSection(SolutionProperties) = preSolution
		HideSolutionNode = FALSE
	EndGlobalSection
	GlobalSection(ExtensibilityGlobals) = postSolution
		SolutionGuid = {182FAF1E-0355-4F65-BE0B-8277ACC6E6E9}
	EndGlobalSection
EndGlobal
