
Microsoft Visual Studio Solution File, Format Version 12.00
# Visual Studio Version 16
VisualStudioVersion = 16.0.29209.62
MinimumVisualStudioVersion = 10.0.40219.1
Project("{FAE04EC0-301F-11D3-BF4B-00C04F79EFBC}") = "heads and tails_even_or_odd_game", "heads and tails_even_or_odd_game.csproj", "{BB64C72A-3221-4B6D-9E3B-C561D7F4E024}"
EndProject
Project("{FAE04EC0-301F-11D3-BF4B-00C04F79EFBC}") = "next", "..\next\next.csproj", "{9A7BEDC6-487B-408F-886B-1B9792FC11D4}"
EndProject
Project("{FAE04EC0-301F-11D3-BF4B-00C04F79EFBC}") = "corePortfolio 3 to methods", "..\Total-Change\corePortfolio 3 to methods.csproj", "{AE78542B-1C2B-42F6-B730-4F9EB7955B4F}"
EndProject
Global
	GlobalSection(SolutionConfigurationPlatforms) = preSolution
		Debug|Any CPU = Debug|Any CPU
		Release|Any CPU = Release|Any CPU
	EndGlobalSection
	GlobalSection(ProjectConfigurationPlatforms) = postSolution
		{BB64C72A-3221-4B6D-9E3B-C561D7F4E024}.Debug|Any CPU.ActiveCfg = Debug|Any CPU
		{BB64C72A-3221-4B6D-9E3B-C561D7F4E024}.Debug|Any CPU.Build.0 = Debug|Any CPU
		{BB64C72A-3221-4B6D-9E3B-C561D7F4E024}.Release|Any CPU.ActiveCfg = Release|Any CPU
		{BB64C72A-3221-4B6D-9E3B-C561D7F4E024}.Release|Any CPU.Build.0 = Release|Any CPU
		{9A7BEDC6-487B-408F-886B-1B9792FC11D4}.Debug|Any CPU.ActiveCfg = Debug|Any CPU
		{9A7BEDC6-487B-408F-886B-1B9792FC11D4}.Debug|Any CPU.Build.0 = Debug|Any CPU
		{9A7BEDC6-487B-408F-886B-1B9792FC11D4}.Release|Any CPU.ActiveCfg = Release|Any CPU
		{9A7BEDC6-487B-408F-886B-1B9792FC11D4}.Release|Any CPU.Build.0 = Release|Any CPU
		{AE78542B-1C2B-42F6-B730-4F9EB7955B4F}.Debug|Any CPU.ActiveCfg = Debug|Any CPU
		{AE78542B-1C2B-42F6-B730-4F9EB7955B4F}.Debug|Any CPU.Build.0 = Debug|Any CPU
		{AE78542B-1C2B-42F6-B730-4F9EB7955B4F}.Release|Any CPU.ActiveCfg = Release|Any CPU
		{AE78542B-1C2B-42F6-B730-4F9EB7955B4F}.Release|Any CPU.Build.0 = Release|Any CPU
	EndGlobalSection
	GlobalSection(SolutionProperties) = preSolution
		HideSolutionNode = FALSE
	EndGlobalSection
	GlobalSection(ExtensibilityGlobals) = postSolution
		SolutionGuid = {182FAF1E-0355-4F65-BE0B-8277ACC6E6E9}
	EndGlobalSection
EndGlobal
