
Microsoft Visual Studio Solution File, Format Version 12.00
# Visual Studio Version 16
VisualStudioVersion = 16.0.29209.62
MinimumVisualStudioVersion = 10.0.40219.1
Project("{FAE04EC0-301F-11D3-BF4B-00C04F79EFBC}") = "LoadArray", "LoadArray\LoadArray.csproj", "{D8144EFB-F7D7-418E-8211-6C09084DF552}"
EndProject
Project("{FAE04EC0-301F-11D3-BF4B-00C04F79EFBC}") = "Array2", "Array2\Array2.csproj", "{3CF39400-7152-4A7E-97FC-E0A0DA1BB9F5}"
EndProject
Global
	GlobalSection(SolutionConfigurationPlatforms) = preSolution
		Debug|Any CPU = Debug|Any CPU
		Release|Any CPU = Release|Any CPU
	EndGlobalSection
	GlobalSection(ProjectConfigurationPlatforms) = postSolution
		{D8144EFB-F7D7-418E-8211-6C09084DF552}.Debug|Any CPU.ActiveCfg = Debug|Any CPU
		{D8144EFB-F7D7-418E-8211-6C09084DF552}.Debug|Any CPU.Build.0 = Debug|Any CPU
		{D8144EFB-F7D7-418E-8211-6C09084DF552}.Release|Any CPU.ActiveCfg = Release|Any CPU
		{D8144EFB-F7D7-418E-8211-6C09084DF552}.Release|Any CPU.Build.0 = Release|Any CPU
		{3CF39400-7152-4A7E-97FC-E0A0DA1BB9F5}.Debug|Any CPU.ActiveCfg = Debug|Any CPU
		{3CF39400-7152-4A7E-97FC-E0A0DA1BB9F5}.Debug|Any CPU.Build.0 = Debug|Any CPU
		{3CF39400-7152-4A7E-97FC-E0A0DA1BB9F5}.Release|Any CPU.ActiveCfg = Release|Any CPU
		{3CF39400-7152-4A7E-97FC-E0A0DA1BB9F5}.Release|Any CPU.Build.0 = Release|Any CPU
	EndGlobalSection
	GlobalSection(SolutionProperties) = preSolution
		HideSolutionNode = FALSE
	EndGlobalSection
	GlobalSection(ExtensibilityGlobals) = postSolution
		SolutionGuid = {CE791EE7-BAF8-4EE0-B7BC-DDD48C0AD7C9}
	EndGlobalSection
EndGlobal
