
Microsoft Visual Studio Solution File, Format Version 12.00
# Visual Studio Version 16
VisualStudioVersion = 16.0.29209.62
MinimumVisualStudioVersion = 10.0.40219.1
Project("{FAE04EC0-301F-11D3-BF4B-00C04F79EFBC}") = "Decision001", "Decision001\Decision001.csproj", "{B9D5EE8C-849F-4054-A8B7-0E4EEF279772}"
EndProject
Project("{FAE04EC0-301F-11D3-BF4B-00C04F79EFBC}") = "evenodd", "evenodd\evenodd.csproj", "{21108A2A-ED55-4912-9232-FE8BDF938D55}"
EndProject
Project("{FAE04EC0-301F-11D3-BF4B-00C04F79EFBC}") = "highmedlow", "highmedlow\highmedlow.csproj", "{7E74EE1D-55AC-4C60-B356-6C725BE9AD20}"
EndProject
Project("{FAE04EC0-301F-11D3-BF4B-00C04F79EFBC}") = "Branchif_marinerstars", "Branchif_marinerstars\Branchif_marinerstars.csproj", "{5AE374D8-CFF9-46B0-9B36-96445F56C59D}"
EndProject
Project("{FAE04EC0-301F-11D3-BF4B-00C04F79EFBC}") = "logicalconditions", "logicalconditions\logicalconditions.csproj", "{F8F5D57F-209A-4E2E-83AB-DFC8683CED04}"
EndProject
Project("{FAE04EC0-301F-11D3-BF4B-00C04F79EFBC}") = "Core2", "Core2\Core2.csproj", "{3ECB6620-5527-4A4C-8DC1-3D5036C338B0}"
EndProject
Project("{FAE04EC0-301F-11D3-BF4B-00C04F79EFBC}") = "studentname_and_mark", "studentname_and_mark\studentname_and_mark.csproj", "{4ABF52CB-44C5-4C18-9F46-668DE315A16D}"
EndProject
Project("{FAE04EC0-301F-11D3-BF4B-00C04F79EFBC}") = "casedecision", "netsedif\casedecision.csproj", "{EFF633B0-2DC7-4DFA-9F00-61CAD6041E6F}"
EndProject
Project("{FAE04EC0-301F-11D3-BF4B-00C04F79EFBC}") = "practicequestions", "practicequestions\practicequestions.csproj", "{A8B74943-94E5-4821-A8B9-7EE165AA5F36}"
EndProject
Project("{FAE04EC0-301F-11D3-BF4B-00C04F79EFBC}") = "TaxableIncome", "TaxableIncome\TaxableIncome.csproj", "{D6E3571D-8FD9-4D51-B185-C6DB1FC2D5AD}"
EndProject
Project("{FAE04EC0-301F-11D3-BF4B-00C04F79EFBC}") = "another_case_example", "another_case_example\another_case_example.csproj", "{5C1D03B8-A470-479B-AF61-6712A1F2D4BE}"
EndProject
Global
	GlobalSection(SolutionConfigurationPlatforms) = preSolution
		Debug|Any CPU = Debug|Any CPU
		Release|Any CPU = Release|Any CPU
	EndGlobalSection
	GlobalSection(ProjectConfigurationPlatforms) = postSolution
		{B9D5EE8C-849F-4054-A8B7-0E4EEF279772}.Debug|Any CPU.ActiveCfg = Debug|Any CPU
		{B9D5EE8C-849F-4054-A8B7-0E4EEF279772}.Release|Any CPU.ActiveCfg = Release|Any CPU
		{B9D5EE8C-849F-4054-A8B7-0E4EEF279772}.Release|Any CPU.Build.0 = Release|Any CPU
		{21108A2A-ED55-4912-9232-FE8BDF938D55}.Debug|Any CPU.ActiveCfg = Debug|Any CPU
		{21108A2A-ED55-4912-9232-FE8BDF938D55}.Release|Any CPU.ActiveCfg = Release|Any CPU
		{21108A2A-ED55-4912-9232-FE8BDF938D55}.Release|Any CPU.Build.0 = Release|Any CPU
		{7E74EE1D-55AC-4C60-B356-6C725BE9AD20}.Debug|Any CPU.ActiveCfg = Debug|Any CPU
		{7E74EE1D-55AC-4C60-B356-6C725BE9AD20}.Release|Any CPU.ActiveCfg = Release|Any CPU
		{7E74EE1D-55AC-4C60-B356-6C725BE9AD20}.Release|Any CPU.Build.0 = Release|Any CPU
		{5AE374D8-CFF9-46B0-9B36-96445F56C59D}.Debug|Any CPU.ActiveCfg = Debug|Any CPU
		{5AE374D8-CFF9-46B0-9B36-96445F56C59D}.Release|Any CPU.ActiveCfg = Release|Any CPU
		{5AE374D8-CFF9-46B0-9B36-96445F56C59D}.Release|Any CPU.Build.0 = Release|Any CPU
		{F8F5D57F-209A-4E2E-83AB-DFC8683CED04}.Debug|Any CPU.ActiveCfg = Debug|Any CPU
		{F8F5D57F-209A-4E2E-83AB-DFC8683CED04}.Release|Any CPU.ActiveCfg = Release|Any CPU
		{F8F5D57F-209A-4E2E-83AB-DFC8683CED04}.Release|Any CPU.Build.0 = Release|Any CPU
		{3ECB6620-5527-4A4C-8DC1-3D5036C338B0}.Debug|Any CPU.ActiveCfg = Debug|Any CPU
		{3ECB6620-5527-4A4C-8DC1-3D5036C338B0}.Debug|Any CPU.Build.0 = Debug|Any CPU
		{3ECB6620-5527-4A4C-8DC1-3D5036C338B0}.Release|Any CPU.ActiveCfg = Release|Any CPU
		{3ECB6620-5527-4A4C-8DC1-3D5036C338B0}.Release|Any CPU.Build.0 = Release|Any CPU
		{4ABF52CB-44C5-4C18-9F46-668DE315A16D}.Debug|Any CPU.ActiveCfg = Debug|Any CPU
		{4ABF52CB-44C5-4C18-9F46-668DE315A16D}.Debug|Any CPU.Build.0 = Debug|Any CPU
		{4ABF52CB-44C5-4C18-9F46-668DE315A16D}.Release|Any CPU.ActiveCfg = Release|Any CPU
		{4ABF52CB-44C5-4C18-9F46-668DE315A16D}.Release|Any CPU.Build.0 = Release|Any CPU
		{EFF633B0-2DC7-4DFA-9F00-61CAD6041E6F}.Debug|Any CPU.ActiveCfg = Debug|Any CPU
		{EFF633B0-2DC7-4DFA-9F00-61CAD6041E6F}.Debug|Any CPU.Build.0 = Debug|Any CPU
		{EFF633B0-2DC7-4DFA-9F00-61CAD6041E6F}.Release|Any CPU.ActiveCfg = Release|Any CPU
		{EFF633B0-2DC7-4DFA-9F00-61CAD6041E6F}.Release|Any CPU.Build.0 = Release|Any CPU
		{A8B74943-94E5-4821-A8B9-7EE165AA5F36}.Debug|Any CPU.ActiveCfg = Debug|Any CPU
		{A8B74943-94E5-4821-A8B9-7EE165AA5F36}.Debug|Any CPU.Build.0 = Debug|Any CPU
		{A8B74943-94E5-4821-A8B9-7EE165AA5F36}.Release|Any CPU.ActiveCfg = Release|Any CPU
		{A8B74943-94E5-4821-A8B9-7EE165AA5F36}.Release|Any CPU.Build.0 = Release|Any CPU
		{D6E3571D-8FD9-4D51-B185-C6DB1FC2D5AD}.Debug|Any CPU.ActiveCfg = Debug|Any CPU
		{D6E3571D-8FD9-4D51-B185-C6DB1FC2D5AD}.Debug|Any CPU.Build.0 = Debug|Any CPU
		{D6E3571D-8FD9-4D51-B185-C6DB1FC2D5AD}.Release|Any CPU.ActiveCfg = Release|Any CPU
		{D6E3571D-8FD9-4D51-B185-C6DB1FC2D5AD}.Release|Any CPU.Build.0 = Release|Any CPU
		{5C1D03B8-A470-479B-AF61-6712A1F2D4BE}.Debug|Any CPU.ActiveCfg = Debug|Any CPU
		{5C1D03B8-A470-479B-AF61-6712A1F2D4BE}.Debug|Any CPU.Build.0 = Debug|Any CPU
		{5C1D03B8-A470-479B-AF61-6712A1F2D4BE}.Release|Any CPU.ActiveCfg = Release|Any CPU
		{5C1D03B8-A470-479B-AF61-6712A1F2D4BE}.Release|Any CPU.Build.0 = Release|Any CPU
	EndGlobalSection
	GlobalSection(SolutionProperties) = preSolution
		HideSolutionNode = FALSE
	EndGlobalSection
	GlobalSection(ExtensibilityGlobals) = postSolution
		SolutionGuid = {C4444505-487A-4CF1-8811-4C99AB13B615}
	EndGlobalSection
EndGlobal
